
Microsoft Visual Studio Solution File, Format Version 12.00
Project("{FAE04EC0-301F-11D3-BF4B-00C04F79EFBC}") = "20240322Test01", "20240322Test01\20240322Test01.csproj", "{1A27C865-307C-4343-B13D-372CD68761D4}"
EndProject
Project("{F2A71F9B-5D33-465A-A702-920D77279786}") = "20240322Fs", "20240322Fs\20240322Fs.fsproj", "{8C013450-9329-45A3-B8BB-58ADD6841EC0}"
EndProject
Global
	GlobalSection(SolutionConfigurationPlatforms) = preSolution
		Debug|Any CPU = Debug|Any CPU
		Release|Any CPU = Release|Any CPU
	EndGlobalSection
	GlobalSection(ProjectConfigurationPlatforms) = postSolution
		{1A27C865-307C-4343-B13D-372CD68761D4}.Debug|Any CPU.ActiveCfg = Debug|Any CPU
		{1A27C865-307C-4343-B13D-372CD68761D4}.Debug|Any CPU.Build.0 = Debug|Any CPU
		{1A27C865-307C-4343-B13D-372CD68761D4}.Release|Any CPU.ActiveCfg = Release|Any CPU
		{1A27C865-307C-4343-B13D-372CD68761D4}.Release|Any CPU.Build.0 = Release|Any CPU
		{8C013450-9329-45A3-B8BB-58ADD6841EC0}.Debug|Any CPU.ActiveCfg = Debug|Any CPU
		{8C013450-9329-45A3-B8BB-58ADD6841EC0}.Debug|Any CPU.Build.0 = Debug|Any CPU
		{8C013450-9329-45A3-B8BB-58ADD6841EC0}.Release|Any CPU.ActiveCfg = Release|Any CPU
		{8C013450-9329-45A3-B8BB-58ADD6841EC0}.Release|Any CPU.Build.0 = Release|Any CPU
	EndGlobalSection
EndGlobal
